
Microsoft Visual Studio Solution File, Format Version 12.00
# Visual Studio Version 17
VisualStudioVersion = 17.9.34723.18
MinimumVisualStudioVersion = 10.0.40219.1
Project("{FAE04EC0-301F-11D3-BF4B-00C04F79EFBC}") = "KeyStone_Calling_To_One_API_To_AnotherAPI", "KeyStone_Calling_To_One_API_To_AnotherAPI\KeyStone_Calling_To_One_API_To_AnotherAPI.csproj", "{27255CF0-6145-4127-BE50-8CA6DA5F35F5}"
EndProject
Project("{FAE04EC0-301F-11D3-BF4B-00C04F79EFBC}") = "KeyStoneEmployeeManageMent_businessObject", "KeyStoneEmployeeManageMent_businessObject\KeyStoneEmployeeManageMent_businessObject.csproj", "{EFAED0BE-6E73-46A8-AC29-A0E3952B4CC8}"
EndProject
Project("{FAE04EC0-301F-11D3-BF4B-00C04F79EFBC}") = "KeyStoneEmployeeManageMent_DataBaseLogic", "KeyStoneEmployeeManageMent_DataBaseLogic\KeyStoneEmployeeManageMent_DataBaseLogic.csproj", "{CBC86398-561C-49C7-809D-8D0269B78121}"
EndProject
Project("{FAE04EC0-301F-11D3-BF4B-00C04F79EFBC}") = "KeyStoneEmployeeManageMent_RepositaryLayer", "KeyStoneEmployeeManageMent_RepositaryLayer\KeyStoneEmployeeManageMent_RepositaryLayer.csproj", "{2ABBA08F-C0D6-4D41-A2F3-5110C600EAC1}"
EndProject
Project("{FAE04EC0-301F-11D3-BF4B-00C04F79EFBC}") = "KeyStoneEmployeeManageMent_ServiceLayer", "KeyStoneEmployeeManageMent_ServiceLayer\KeyStoneEmployeeManageMent_ServiceLayer.csproj", "{A3090E98-01A9-45D3-AA7F-E1F3BAEAE422}"
EndProject
Global
	GlobalSection(SolutionConfigurationPlatforms) = preSolution
		Debug|Any CPU = Debug|Any CPU
		Release|Any CPU = Release|Any CPU
	EndGlobalSection
	GlobalSection(ProjectConfigurationPlatforms) = postSolution
		{27255CF0-6145-4127-BE50-8CA6DA5F35F5}.Debug|Any CPU.ActiveCfg = Debug|Any CPU
		{27255CF0-6145-4127-BE50-8CA6DA5F35F5}.Debug|Any CPU.Build.0 = Debug|Any CPU
		{27255CF0-6145-4127-BE50-8CA6DA5F35F5}.Release|Any CPU.ActiveCfg = Release|Any CPU
		{27255CF0-6145-4127-BE50-8CA6DA5F35F5}.Release|Any CPU.Build.0 = Release|Any CPU
		{EFAED0BE-6E73-46A8-AC29-A0E3952B4CC8}.Debug|Any CPU.ActiveCfg = Debug|Any CPU
		{EFAED0BE-6E73-46A8-AC29-A0E3952B4CC8}.Debug|Any CPU.Build.0 = Debug|Any CPU
		{EFAED0BE-6E73-46A8-AC29-A0E3952B4CC8}.Release|Any CPU.ActiveCfg = Release|Any CPU
		{EFAED0BE-6E73-46A8-AC29-A0E3952B4CC8}.Release|Any CPU.Build.0 = Release|Any CPU
		{CBC86398-561C-49C7-809D-8D0269B78121}.Debug|Any CPU.ActiveCfg = Debug|Any CPU
		{CBC86398-561C-49C7-809D-8D0269B78121}.Debug|Any CPU.Build.0 = Debug|Any CPU
		{CBC86398-561C-49C7-809D-8D0269B78121}.Release|Any CPU.ActiveCfg = Release|Any CPU
		{CBC86398-561C-49C7-809D-8D0269B78121}.Release|Any CPU.Build.0 = Release|Any CPU
		{2ABBA08F-C0D6-4D41-A2F3-5110C600EAC1}.Debug|Any CPU.ActiveCfg = Debug|Any CPU
		{2ABBA08F-C0D6-4D41-A2F3-5110C600EAC1}.Debug|Any CPU.Build.0 = Debug|Any CPU
		{2ABBA08F-C0D6-4D41-A2F3-5110C600EAC1}.Release|Any CPU.ActiveCfg = Release|Any CPU
		{2ABBA08F-C0D6-4D41-A2F3-5110C600EAC1}.Release|Any CPU.Build.0 = Release|Any CPU
		{A3090E98-01A9-45D3-AA7F-E1F3BAEAE422}.Debug|Any CPU.ActiveCfg = Debug|Any CPU
		{A3090E98-01A9-45D3-AA7F-E1F3BAEAE422}.Debug|Any CPU.Build.0 = Debug|Any CPU
		{A3090E98-01A9-45D3-AA7F-E1F3BAEAE422}.Release|Any CPU.ActiveCfg = Release|Any CPU
		{A3090E98-01A9-45D3-AA7F-E1F3BAEAE422}.Release|Any CPU.Build.0 = Release|Any CPU
	EndGlobalSection
	GlobalSection(SolutionProperties) = preSolution
		HideSolutionNode = FALSE
	EndGlobalSection
	GlobalSection(ExtensibilityGlobals) = postSolution
		SolutionGuid = {48947991-81D7-4B90-9746-8BF0F5AC5C29}
	EndGlobalSection
EndGlobal
